
Microsoft Visual Studio Solution File, Format Version 12.00
# Visual Studio Version 17
VisualStudioVersion = 17.14.36811.4 d17.14
MinimumVisualStudioVersion = 10.0.40219.1
Project("{FAE04EC0-301F-11D3-BF4B-00C04F79EFBC}") = "greenhouse", "greenhouse.csproj", "{8F14DFEA-B31C-4A92-8B11-02C21B1E77F1}"
EndProject
Global
	GlobalSection(SolutionConfigurationPlatforms) = preSolution
		Debug|Any CPU = Debug|Any CPU
		Release|Any CPU = Release|Any CPU
	EndGlobalSection
	GlobalSection(ProjectConfigurationPlatforms) = postSolution
		{8F14DFEA-B31C-4A92-8B11-02C21B1E77F1}.Debug|Any CPU.ActiveCfg = Debug|Any CPU
		{8F14DFEA-B31C-4A92-8B11-02C21B1E77F1}.Debug|Any CPU.Build.0 = Debug|Any CPU
		{8F14DFEA-B31C-4A92-8B11-02C21B1E77F1}.Release|Any CPU.ActiveCfg = Release|Any CPU
		{8F14DFEA-B31C-4A92-8B11-02C21B1E77F1}.Release|Any CPU.Build.0 = Release|Any CPU
	EndGlobalSection
	GlobalSection(SolutionProperties) = preSolution
		HideSolutionNode = FALSE
	EndGlobalSection
	GlobalSection(ExtensibilityGlobals) = postSolution
		SolutionGuid = {588D67A0-688E-40BB-B34C-9DBBC81FC667}
	EndGlobalSection
EndGlobal
